
Microsoft Visual Studio Solution File, Format Version 12.00
# Visual Studio Version 17
VisualStudioVersion = 17.6.33801.468
MinimumVisualStudioVersion = 10.0.40219.1
Project("{9A19103F-16F7-4668-BE54-9A1E7A4F7556}") = "PracticalNine", "PracticalNine\PracticalNine.csproj", "{D68BE02B-F330-4530-967B-0FA2895E3E38}"
EndProject
Project("{FAE04EC0-301F-11D3-BF4B-00C04F79EFBC}") = "PracticalNine.Tests", "PracticalNine.Tests\PracticalNine.Tests.csproj", "{73D7126B-28FD-49CE-9295-D9A90735F9F7}"
EndProject
Global
	GlobalSection(SolutionConfigurationPlatforms) = preSolution
		Debug|Any CPU = Debug|Any CPU
		Release|Any CPU = Release|Any CPU
	EndGlobalSection
	GlobalSection(ProjectConfigurationPlatforms) = postSolution
		{D68BE02B-F330-4530-967B-0FA2895E3E38}.Debug|Any CPU.ActiveCfg = Debug|Any CPU
		{D68BE02B-F330-4530-967B-0FA2895E3E38}.Debug|Any CPU.Build.0 = Debug|Any CPU
		{D68BE02B-F330-4530-967B-0FA2895E3E38}.Release|Any CPU.ActiveCfg = Release|Any CPU
		{D68BE02B-F330-4530-967B-0FA2895E3E38}.Release|Any CPU.Build.0 = Release|Any CPU
		{73D7126B-28FD-49CE-9295-D9A90735F9F7}.Debug|Any CPU.ActiveCfg = Debug|Any CPU
		{73D7126B-28FD-49CE-9295-D9A90735F9F7}.Debug|Any CPU.Build.0 = Debug|Any CPU
		{73D7126B-28FD-49CE-9295-D9A90735F9F7}.Release|Any CPU.ActiveCfg = Release|Any CPU
		{73D7126B-28FD-49CE-9295-D9A90735F9F7}.Release|Any CPU.Build.0 = Release|Any CPU
	EndGlobalSection
	GlobalSection(SolutionProperties) = preSolution
		HideSolutionNode = FALSE
	EndGlobalSection
	GlobalSection(ExtensibilityGlobals) = postSolution
		SolutionGuid = {2B162FC0-F189-47EC-BFD7-E921A90C3237}
	EndGlobalSection
EndGlobal
